
Microsoft Visual Studio Solution File, Format Version 12.00
# Visual Studio 2012
Project("{FAE04EC0-301F-11D3-BF4B-00C04F79EFBC}") = "MDIChildContainer", "MDIChildContainer\MDIChildContainer.csproj", "{6BDD9633-2D34-4BF4-983D-2C32B7E75FDD}"
EndProject
Project("{FAE04EC0-301F-11D3-BF4B-00C04F79EFBC}") = "MDIExample", "MDIExample\MDIExample.csproj", "{BE845825-5E7F-46DC-8341-94149FA3B385}"
EndProject
Global
	GlobalSection(SolutionConfigurationPlatforms) = preSolution
		Debug|Any CPU = Debug|Any CPU
		Release|Any CPU = Release|Any CPU
	EndGlobalSection
	GlobalSection(ProjectConfigurationPlatforms) = postSolution
		{6BDD9633-2D34-4BF4-983D-2C32B7E75FDD}.Debug|Any CPU.ActiveCfg = Debug|Any CPU
		{6BDD9633-2D34-4BF4-983D-2C32B7E75FDD}.Debug|Any CPU.Build.0 = Debug|Any CPU
		{6BDD9633-2D34-4BF4-983D-2C32B7E75FDD}.Release|Any CPU.ActiveCfg = Release|Any CPU
		{6BDD9633-2D34-4BF4-983D-2C32B7E75FDD}.Release|Any CPU.Build.0 = Release|Any CPU
		{BE845825-5E7F-46DC-8341-94149FA3B385}.Debug|Any CPU.ActiveCfg = Debug|Any CPU
		{BE845825-5E7F-46DC-8341-94149FA3B385}.Debug|Any CPU.Build.0 = Debug|Any CPU
		{BE845825-5E7F-46DC-8341-94149FA3B385}.Release|Any CPU.ActiveCfg = Release|Any CPU
		{BE845825-5E7F-46DC-8341-94149FA3B385}.Release|Any CPU.Build.0 = Release|Any CPU
	EndGlobalSection
EndGlobal
